lockfileVersion: '9.0'

settings:
  autoInstallPeers: true
  excludeLinksFromLockfile: false

importers:

  .:
    dependencies:
      '@atproto/api':
        specifier: ^0.16.9
        version: 0.16.9
      dotenv:
        specifier: ^17.2.2
        version: 17.2.2
      jsondiffpatch:
        specifier: ^0.7.3
        version: 0.7.3
    devDependencies:
      '@atpub/spec':
        specifier: ^0.9.2
        version: 0.9.2
      ajv:
        specifier: ^8.17.1
        version: 8.17.1
      ajv-formats:
        specifier: ^3.0.1
        version: 3.0.1(ajv@8.17.1)
      js-yaml:
        specifier: ^4.1.0
        version: 4.1.0

packages:

  '@atproto/api@0.16.9':
    resolution: {integrity: sha512-hXbnBIDEIwXxxyduxxZsf0aP8Z+JKyfG7L47FZqAYOI6uNm8oBTLLrHQ2RmJZZeyMIMM17gvxNtPDoULKQfupw==}

  '@atproto/common-web@0.4.3':
    resolution: {integrity: sha512-nRDINmSe4VycJzPo6fP/hEltBcULFxt9Kw7fQk6405FyAWZiTluYHlXOnU7GkQfeUK44OENG1qFTBcmCJ7e8pg==}

  '@atproto/lexicon@0.5.1':
    resolution: {integrity: sha512-y8AEtYmfgVl4fqFxqXAeGvhesiGkxiy3CWoJIfsFDDdTlZUC8DFnZrYhcqkIop3OlCkkljvpSJi1hbeC1tbi8A==}

  '@atproto/syntax@0.4.1':
    resolution: {integrity: sha512-CJdImtLAiFO+0z3BWTtxwk6aY5w4t8orHTMVJgkf++QRJWTxPbIFko/0hrkADB7n2EruDxDSeAgfUGehpH6ngw==}

  '@atproto/xrpc@0.7.5':
    resolution: {integrity: sha512-MUYNn5d2hv8yVegRL0ccHvTHAVj5JSnW07bkbiaz96UH45lvYNRVwt44z+yYVnb0/mvBzyD3/ZQ55TRGt7fHkA==}

  '@atpub/spec@0.9.2':
    resolution: {integrity: sha512-XfwQ/GdsL77U5pBnvzafW9u1DwzgjpnFDSZaTU0R0XJpcPbZzPr6F3vimzaxI7SpcaN8juYYTzuE8oOS9pindQ==}

  '@dmsnell/diff-match-patch@1.1.0':
    resolution: {integrity: sha512-yejLPmM5pjsGvxS9gXablUSbInW7H976c/FJ4iQxWIm7/38xBySRemTPDe34lhg1gVLbJntX0+sH0jYfU+PN9A==}

  ajv-formats@3.0.1:
    resolution: {integrity: sha512-8iUql50EUR+uUcdRQ3HDqa6EVyo3docL8g5WJ3FNcWmu62IbkGUue/pEyLBW8VGKKucTPgqeks4fIU1DA4yowQ==}
    peerDependencies:
      ajv: ^8.0.0
    peerDependenciesMeta:
      ajv:
        optional: true

  ajv@8.17.1:
    resolution: {integrity: sha512-B/gBuNg5SiMTrPkC+A2+cW0RszwxYmn6VYxB/inlBStS5nx6xHIt/ehKRhIMhqusl7a8LjQoZnjCs5vhwxOQ1g==}

  argparse@2.0.1:
    resolution: {integrity: sha512-8+9WqebbFzpX9OR+Wa6O29asIogeRMzcGtAINdpMHHyAg10f05aSFVBbcEqGf/PXw1EjAZ+q2/bEBg3DvurK3Q==}

  await-lock@2.2.2:
    resolution: {integrity: sha512-aDczADvlvTGajTDjcjpJMqRkOF6Qdz3YbPZm/PyW6tKPkx2hlYBzxMhEywM/tU72HrVZjgl5VCdRuMlA7pZ8Gw==}

  dotenv@17.2.2:
    resolution: {integrity: sha512-Sf2LSQP+bOlhKWWyhFsn0UsfdK/kCWRv1iuA2gXAwt3dyNabr6QSj00I2V10pidqz69soatm9ZwZvpQMTIOd5Q==}
    engines: {node: '>=12'}

  fast-deep-equal@3.1.3:
    resolution: {integrity: sha512-f3qQ9oQy9j2AhBe/H9VC91wLmKBCCU/gDOnKNAYG5hswO7BLKj09Hc5HYNz9cGI++xlpDCIgDaitVs03ATR84Q==}

  fast-uri@3.1.0:
    resolution: {integrity: sha512-iPeeDKJSWf4IEOasVVrknXpaBV0IApz/gp7S2bb7Z4Lljbl2MGJRqInZiUrQwV16cpzw/D3S5j5Julj/gT52AA==}

  graphemer@1.4.0:
    resolution: {integrity: sha512-EtKwoO6kxCL9WO5xipiHTZlSzBm7WLT627TqC/uVRd0HKmq8NXyebnNYxDoBi7wt8eTWrUrKXCOVaFq9x1kgag==}

  iso-datestring-validator@2.2.2:
    resolution: {integrity: sha512-yLEMkBbLZTlVQqOnQ4FiMujR6T4DEcCb1xizmvXS+OxuhwcbtynoosRzdMA69zZCShCNAbi+gJ71FxZBBXx1SA==}

  js-yaml@4.1.0:
    resolution: {integrity: sha512-wpxZs9NoxZaJESJGIZTyDEaYpl0FKSA+FB9aJiyemKhMwkxQg63h4T1KJgUGHpTqPDNRcmmYLugrRjJlBtWvRA==}
    hasBin: true

  json-schema-traverse@1.0.0:
    resolution: {integrity: sha512-NM8/P9n3XjXhIZn1lLhkFaACTOURQXjWhV4BA/RnOv8xvgqtqpAX9IO4mRQxSx1Rlo4tqzeqb0sOlruaOy3dug==}

  jsondiffpatch@0.7.3:
    resolution: {integrity: sha512-zd4dqFiXSYyant2WgSXAZ9+yYqilNVvragVNkNRn2IFZKgjyULNrKRznqN4Zon0MkLueCg+3QaPVCnDAVP20OQ==}
    engines: {node: ^18.0.0 || >=20.0.0}
    hasBin: true

  multiformats@9.9.0:
    resolution: {integrity: sha512-HoMUjhH9T8DDBNT+6xzkrd9ga/XiBI4xLr58LJACwK6G3HTOPeMz4nB4KJs33L2BelrIJa7P0VuNaVF3hMYfjg==}

  require-from-string@2.0.2:
    resolution: {integrity: sha512-Xf0nWe6RseziFMu+Ap9biiUbmplq6S9/p+7w7YXP/JBHhrUDDUhwa+vANyubuqfZWTveU//DYVGsDG7RKL/vEw==}
    engines: {node: '>=0.10.0'}

  tlds@1.260.0:
    resolution: {integrity: sha512-78+28EWBhCEE7qlyaHA9OR3IPvbCLiDh3Ckla593TksfFc9vfTsgvH7eS+dr3o9qr31gwGbogcI16yN91PoRjQ==}
    hasBin: true

  uint8arrays@3.0.0:
    resolution: {integrity: sha512-HRCx0q6O9Bfbp+HHSfQQKD7wU70+lydKVt4EghkdOvlK/NlrF90z+eXV34mUd48rNvVJXwkrMSPpCATkct8fJA==}

  zod@3.25.76:
    resolution: {integrity: sha512-gzUt/qt81nXsFGKIFcC3YnfEAx5NkunCfnDlvuBSSFS02bcXu4Lmea0AFIUwbLWxWPx3d9p8S5QoaujKcNQxcQ==}

snapshots:

  '@atproto/api@0.16.9':
    dependencies:
      '@atproto/common-web': 0.4.3
      '@atproto/lexicon': 0.5.1
      '@atproto/syntax': 0.4.1
      '@atproto/xrpc': 0.7.5
      await-lock: 2.2.2
      multiformats: 9.9.0
      tlds: 1.260.0
      zod: 3.25.76

  '@atproto/common-web@0.4.3':
    dependencies:
      graphemer: 1.4.0
      multiformats: 9.9.0
      uint8arrays: 3.0.0
      zod: 3.25.76

  '@atproto/lexicon@0.5.1':
    dependencies:
      '@atproto/common-web': 0.4.3
      '@atproto/syntax': 0.4.1
      iso-datestring-validator: 2.2.2
      multiformats: 9.9.0
      zod: 3.25.76

  '@atproto/syntax@0.4.1': {}

  '@atproto/xrpc@0.7.5':
    dependencies:
      '@atproto/lexicon': 0.5.1
      zod: 3.25.76

  '@atpub/spec@0.9.2': {}

  '@dmsnell/diff-match-patch@1.1.0': {}

  ajv-formats@3.0.1(ajv@8.17.1):
    optionalDependencies:
      ajv: 8.17.1

  ajv@8.17.1:
    dependencies:
      fast-deep-equal: 3.1.3
      fast-uri: 3.1.0
      json-schema-traverse: 1.0.0
      require-from-string: 2.0.2

  argparse@2.0.1: {}

  await-lock@2.2.2: {}

  dotenv@17.2.2: {}

  fast-deep-equal@3.1.3: {}

  fast-uri@3.1.0: {}

  graphemer@1.4.0: {}

  iso-datestring-validator@2.2.2: {}

  js-yaml@4.1.0:
    dependencies:
      argparse: 2.0.1

  json-schema-traverse@1.0.0: {}

  jsondiffpatch@0.7.3:
    dependencies:
      '@dmsnell/diff-match-patch': 1.1.0

  multiformats@9.9.0: {}

  require-from-string@2.0.2: {}

  tlds@1.260.0: {}

  uint8arrays@3.0.0:
    dependencies:
      multiformats: 9.9.0

  zod@3.25.76: {}
